
Microsoft Visual Studio Solution File, Format Version 12.00
# Visual Studio Version 17
VisualStudioVersion = 17.0.31903.59
MinimumVisualStudioVersion = 10.0.40219.1
Project("{FAE04EC0-301F-11D3-BF4B-00C04F79EFBC}") = "gui-cs", "gui-cs\gui-cs.csproj", "{3C8E9F1A-4D2B-4E5F-A6C7-B8D9E0F1A2B3}"
EndProject
Project("{2150E333-8FDC-42A3-9474-1A3956D46DE8}") = "C++ Service (CMake)", "C++ Service (CMake)", "{B5C6D7E8-F0A1-4B2C-9D3E-4F5A6B7C8D9E}"
	ProjectSection(SolutionItems) = preProject
		CMakeLists.txt = CMakeLists.txt
		build.ps1 = build.ps1
		wsl2ipfwd.iss = wsl2ipfwd.iss
		service\service.cpp = service\service.cpp
		service\service.h = service\service.h
		service\wsl_monitor.cpp = service\wsl_monitor.cpp
		service\wsl_monitor.h = service\wsl_monitor.h
		common\config.h = common\config.h
		common\protocol.h = common\protocol.h
		common\version.h = common\version.h
		notify\notify.cpp = notify\notify.cpp
		service\update_checker.h = service\update_checker.h
		service\update_checker.cpp = service\update_checker.cpp
		service\update_url.h.in = service\update_url.h.in
		third_party\nlohmann\json.hpp = third_party\nlohmann\json.hpp
		test-update-server\releases\latest = test-update-server\releases\latest
		test-update-server\start.ps1 = test-update-server\start.ps1
	EndProjectSection
EndProject
Global
	GlobalSection(SolutionConfigurationPlatforms) = preSolution
		Debug|Any CPU = Debug|Any CPU
		Release|Any CPU = Release|Any CPU
	EndGlobalSection
	GlobalSection(ProjectConfigurationPlatforms) = postSolution
		{3C8E9F1A-4D2B-4E5F-A6C7-B8D9E0F1A2B3}.Debug|Any CPU.ActiveCfg = Debug|Any CPU
		{3C8E9F1A-4D2B-4E5F-A6C7-B8D9E0F1A2B3}.Debug|Any CPU.Build.0 = Debug|Any CPU
		{3C8E9F1A-4D2B-4E5F-A6C7-B8D9E0F1A2B3}.Release|Any CPU.ActiveCfg = Release|Any CPU
		{3C8E9F1A-4D2B-4E5F-A6C7-B8D9E0F1A2B3}.Release|Any CPU.Build.0 = Release|Any CPU
	EndGlobalSection
	GlobalSection(SolutionProperties) = preSolution
		HideSolutionNode = FALSE
	EndGlobalSection
	GlobalSection(NestedProjects) = preSolution
	EndGlobalSection
EndGlobal
